
Microsoft Visual Studio Solution File, Format Version 12.00
# Visual Studio Version 16
VisualStudioVersion = 16.0.30907.101
MinimumVisualStudioVersion = 10.0.40219.1
Project("{9A19103F-16F7-4668-BE54-9A1E7A4F7556}") = "Procuratio.API", "Procuratio.API\Procuratio.API.csproj", "{11F8F5E4-DB2B-4213-BC2F-4BBB28E80C1B}"
EndProject
Project("{2150E333-8FDC-42A3-9474-1A3956D46DE8}") = "API", "API", "{C2D0CD84-FFAE-454B-B144-B983CD62153B}"
EndProject
Project("{2150E333-8FDC-42A3-9474-1A3956D46DE8}") = "Modules", "Modules", "{15717C1A-155D-4B90-93CC-B6F6988A8094}"
EndProject
Project("{2150E333-8FDC-42A3-9474-1A3956D46DE8}") = "Shared", "Shared", "{2299C569-D2D7-42B8-A8A8-00C8FD713DF8}"
EndProject
Project("{9A19103F-16F7-4668-BE54-9A1E7A4F7556}") = "Procuratio.Shared.Abstractions", "Procuratio.Shared.Abstractions\Procuratio.Shared.Abstractions.csproj", "{F67CE2CC-6A59-495D-9479-006689482D9E}"
EndProject
Project("{9A19103F-16F7-4668-BE54-9A1E7A4F7556}") = "Procuratio.Shared.Infrastructure", "Procuratio.Shared.Infrastructure\Procuratio.Shared.Infrastructure.csproj", "{E21DC584-C8C4-45BB-AB18-D94385D7831C}"
EndProject
Project("{2150E333-8FDC-42A3-9474-1A3956D46DE8}") = "Orders", "Orders", "{A56E8AEA-BF05-47F2-82D7-4CA75DE34D36}"
EndProject
Project("{9A19103F-16F7-4668-BE54-9A1E7A4F7556}") = "Procuratio.Modules.Orders.API", "Procuratio.Modules.Order.API\Procuratio.Modules.Orders.API.csproj", "{8B13C2FB-1AC4-4582-969C-3171038C3C79}"
EndProject
Project("{2150E333-8FDC-42A3-9474-1A3956D46DE8}") = "Securities", "Securities", "{A12988B0-0BE8-451E-8E9D-BFFF3A656DD3}"
EndProject
Project("{2150E333-8FDC-42A3-9474-1A3956D46DE8}") = "Menues", "Menues", "{6CE38684-E7F2-4066-A769-B3FAC6EF3108}"
EndProject
Project("{2150E333-8FDC-42A3-9474-1A3956D46DE8}") = "Stocks", "Stocks", "{8801ED63-5742-4B6E-A006-6D68DC411F29}"
EndProject
Project("{2150E333-8FDC-42A3-9474-1A3956D46DE8}") = "Cashes", "Cashes", "{04CB3133-5AA4-4C21-9C96-C6502935B502}"
EndProject
Project("{9A19103F-16F7-4668-BE54-9A1E7A4F7556}") = "Procuratio.Modules.Orders.Service", "Procuratio.Modules.Orders.Service\Procuratio.Modules.Orders.Service.csproj", "{6551F8CD-2599-42CB-AC3D-6B1596DC1297}"
EndProject
Project("{9A19103F-16F7-4668-BE54-9A1E7A4F7556}") = "Procuratio.Modules.Orders.DTO", "Procuratio.Modules.Orders.DTO\Procuratio.Modules.Orders.DTO.csproj", "{27ADD8BC-EA1E-4155-8EE0-FD678BBFD1C3}"
EndProject
Project("{9A19103F-16F7-4668-BE54-9A1E7A4F7556}") = "Procuratio.Modules.Orders.Mapper", "Procuratio.Modules.Orders.Mapper\Procuratio.Modules.Orders.Mapper.csproj", "{148DD093-DE35-469B-9394-4D0849FDEE54}"
EndProject
Project("{9A19103F-16F7-4668-BE54-9A1E7A4F7556}") = "Procuratio.Modules.Orders.Domain", "Procuratio.Modules.Orders.Domain\Procuratio.Modules.Orders.Domain.csproj", "{E1355B39-96FA-4EC1-AFEA-8A0023D3E083}"
EndProject
Project("{9A19103F-16F7-4668-BE54-9A1E7A4F7556}") = "Procuratio.Modules.Orders.DataAccess", "Procuratio.Modules.Orders.DataAccess\Procuratio.Modules.Orders.DataAccess.csproj", "{300C6892-6AF3-45F8-92EF-1C3C1375FB7A}"
EndProject
Project("{2150E333-8FDC-42A3-9474-1A3956D46DE8}") = "Tests", "Tests", "{AC483812-3379-4E93-BE94-F7F8E32C60E4}"
EndProject
Project("{9A19103F-16F7-4668-BE54-9A1E7A4F7556}") = "Procuratio.Tests", "Procuratio.Tests\Procuratio.Tests.csproj", "{D85867E3-3B2A-449B-B7F2-111DCBA28DB2}"
EndProject
Project("{2150E333-8FDC-42A3-9474-1A3956D46DE8}") = "Logins", "Logins", "{BC4E61CD-E0E0-435A-9129-466828888C67}"
EndProject
Project("{2150E333-8FDC-42A3-9474-1A3956D46DE8}") = "ProcuratioFramework", "ProcuratioFramework", "{13E84B24-5237-4F4A-AEE3-5767A151FDB5}"
EndProject
Project("{FAE04EC0-301F-11D3-BF4B-00C04F79EFBC}") = "Procuratio.ProcuratioFramework.ProcuratioFramework", "Procuratio.ProcuratioFramework.ProcuratioFramework\Procuratio.ProcuratioFramework.ProcuratioFramework.csproj", "{063A415D-2C82-4F0B-BE7C-BA1747CAEF4B}"
EndProject
Global
	GlobalSection(SolutionConfigurationPlatforms) = preSolution
		Debug|Any CPU = Debug|Any CPU
		Release|Any CPU = Release|Any CPU
	EndGlobalSection
	GlobalSection(ProjectConfigurationPlatforms) = postSolution
		{11F8F5E4-DB2B-4213-BC2F-4BBB28E80C1B}.Debug|Any CPU.ActiveCfg = Debug|Any CPU
		{11F8F5E4-DB2B-4213-BC2F-4BBB28E80C1B}.Debug|Any CPU.Build.0 = Debug|Any CPU
		{11F8F5E4-DB2B-4213-BC2F-4BBB28E80C1B}.Release|Any CPU.ActiveCfg = Release|Any CPU
		{11F8F5E4-DB2B-4213-BC2F-4BBB28E80C1B}.Release|Any CPU.Build.0 = Release|Any CPU
		{F67CE2CC-6A59-495D-9479-006689482D9E}.Debug|Any CPU.ActiveCfg = Debug|Any CPU
		{F67CE2CC-6A59-495D-9479-006689482D9E}.Debug|Any CPU.Build.0 = Debug|Any CPU
		{F67CE2CC-6A59-495D-9479-006689482D9E}.Release|Any CPU.ActiveCfg = Release|Any CPU
		{F67CE2CC-6A59-495D-9479-006689482D9E}.Release|Any CPU.Build.0 = Release|Any CPU
		{E21DC584-C8C4-45BB-AB18-D94385D7831C}.Debug|Any CPU.ActiveCfg = Debug|Any CPU
		{E21DC584-C8C4-45BB-AB18-D94385D7831C}.Debug|Any CPU.Build.0 = Debug|Any CPU
		{E21DC584-C8C4-45BB-AB18-D94385D7831C}.Release|Any CPU.ActiveCfg = Release|Any CPU
		{E21DC584-C8C4-45BB-AB18-D94385D7831C}.Release|Any CPU.Build.0 = Release|Any CPU
		{8B13C2FB-1AC4-4582-969C-3171038C3C79}.Debug|Any CPU.ActiveCfg = Debug|Any CPU
		{8B13C2FB-1AC4-4582-969C-3171038C3C79}.Debug|Any CPU.Build.0 = Debug|Any CPU
		{8B13C2FB-1AC4-4582-969C-3171038C3C79}.Release|Any CPU.ActiveCfg = Release|Any CPU
		{8B13C2FB-1AC4-4582-969C-3171038C3C79}.Release|Any CPU.Build.0 = Release|Any CPU
		{6551F8CD-2599-42CB-AC3D-6B1596DC1297}.Debug|Any CPU.ActiveCfg = Debug|Any CPU
		{6551F8CD-2599-42CB-AC3D-6B1596DC1297}.Debug|Any CPU.Build.0 = Debug|Any CPU
		{6551F8CD-2599-42CB-AC3D-6B1596DC1297}.Release|Any CPU.ActiveCfg = Release|Any CPU
		{6551F8CD-2599-42CB-AC3D-6B1596DC1297}.Release|Any CPU.Build.0 = Release|Any CPU
		{27ADD8BC-EA1E-4155-8EE0-FD678BBFD1C3}.Debug|Any CPU.ActiveCfg = Debug|Any CPU
		{27ADD8BC-EA1E-4155-8EE0-FD678BBFD1C3}.Debug|Any CPU.Build.0 = Debug|Any CPU
		{27ADD8BC-EA1E-4155-8EE0-FD678BBFD1C3}.Release|Any CPU.ActiveCfg = Release|Any CPU
		{27ADD8BC-EA1E-4155-8EE0-FD678BBFD1C3}.Release|Any CPU.Build.0 = Release|Any CPU
		{148DD093-DE35-469B-9394-4D0849FDEE54}.Debug|Any CPU.ActiveCfg = Debug|Any CPU
		{148DD093-DE35-469B-9394-4D0849FDEE54}.Debug|Any CPU.Build.0 = Debug|Any CPU
		{148DD093-DE35-469B-9394-4D0849FDEE54}.Release|Any CPU.ActiveCfg = Release|Any CPU
		{148DD093-DE35-469B-9394-4D0849FDEE54}.Release|Any CPU.Build.0 = Release|Any CPU
		{E1355B39-96FA-4EC1-AFEA-8A0023D3E083}.Debug|Any CPU.ActiveCfg = Debug|Any CPU
		{E1355B39-96FA-4EC1-AFEA-8A0023D3E083}.Debug|Any CPU.Build.0 = Debug|Any CPU
		{E1355B39-96FA-4EC1-AFEA-8A0023D3E083}.Release|Any CPU.ActiveCfg = Release|Any CPU
		{E1355B39-96FA-4EC1-AFEA-8A0023D3E083}.Release|Any CPU.Build.0 = Release|Any CPU
		{300C6892-6AF3-45F8-92EF-1C3C1375FB7A}.Debug|Any CPU.ActiveCfg = Debug|Any CPU
		{300C6892-6AF3-45F8-92EF-1C3C1375FB7A}.Debug|Any CPU.Build.0 = Debug|Any CPU
		{300C6892-6AF3-45F8-92EF-1C3C1375FB7A}.Release|Any CPU.ActiveCfg = Release|Any CPU
		{300C6892-6AF3-45F8-92EF-1C3C1375FB7A}.Release|Any CPU.Build.0 = Release|Any CPU
		{D85867E3-3B2A-449B-B7F2-111DCBA28DB2}.Debug|Any CPU.ActiveCfg = Debug|Any CPU
		{D85867E3-3B2A-449B-B7F2-111DCBA28DB2}.Debug|Any CPU.Build.0 = Debug|Any CPU
		{D85867E3-3B2A-449B-B7F2-111DCBA28DB2}.Release|Any CPU.ActiveCfg = Release|Any CPU
		{D85867E3-3B2A-449B-B7F2-111DCBA28DB2}.Release|Any CPU.Build.0 = Release|Any CPU
		{063A415D-2C82-4F0B-BE7C-BA1747CAEF4B}.Debug|Any CPU.ActiveCfg = Debug|Any CPU
		{063A415D-2C82-4F0B-BE7C-BA1747CAEF4B}.Debug|Any CPU.Build.0 = Debug|Any CPU
		{063A415D-2C82-4F0B-BE7C-BA1747CAEF4B}.Release|Any CPU.ActiveCfg = Release|Any CPU
		{063A415D-2C82-4F0B-BE7C-BA1747CAEF4B}.Release|Any CPU.Build.0 = Release|Any CPU
	EndGlobalSection
	GlobalSection(SolutionProperties) = preSolution
		HideSolutionNode = FALSE
	EndGlobalSection
	GlobalSection(NestedProjects) = preSolution
		{11F8F5E4-DB2B-4213-BC2F-4BBB28E80C1B} = {C2D0CD84-FFAE-454B-B144-B983CD62153B}
		{F67CE2CC-6A59-495D-9479-006689482D9E} = {2299C569-D2D7-42B8-A8A8-00C8FD713DF8}
		{E21DC584-C8C4-45BB-AB18-D94385D7831C} = {2299C569-D2D7-42B8-A8A8-00C8FD713DF8}
		{A56E8AEA-BF05-47F2-82D7-4CA75DE34D36} = {15717C1A-155D-4B90-93CC-B6F6988A8094}
		{8B13C2FB-1AC4-4582-969C-3171038C3C79} = {A56E8AEA-BF05-47F2-82D7-4CA75DE34D36}
		{A12988B0-0BE8-451E-8E9D-BFFF3A656DD3} = {15717C1A-155D-4B90-93CC-B6F6988A8094}
		{6CE38684-E7F2-4066-A769-B3FAC6EF3108} = {15717C1A-155D-4B90-93CC-B6F6988A8094}
		{8801ED63-5742-4B6E-A006-6D68DC411F29} = {15717C1A-155D-4B90-93CC-B6F6988A8094}
		{04CB3133-5AA4-4C21-9C96-C6502935B502} = {15717C1A-155D-4B90-93CC-B6F6988A8094}
		{6551F8CD-2599-42CB-AC3D-6B1596DC1297} = {A56E8AEA-BF05-47F2-82D7-4CA75DE34D36}
		{27ADD8BC-EA1E-4155-8EE0-FD678BBFD1C3} = {A56E8AEA-BF05-47F2-82D7-4CA75DE34D36}
		{148DD093-DE35-469B-9394-4D0849FDEE54} = {A56E8AEA-BF05-47F2-82D7-4CA75DE34D36}
		{E1355B39-96FA-4EC1-AFEA-8A0023D3E083} = {A56E8AEA-BF05-47F2-82D7-4CA75DE34D36}
		{300C6892-6AF3-45F8-92EF-1C3C1375FB7A} = {A56E8AEA-BF05-47F2-82D7-4CA75DE34D36}
		{D85867E3-3B2A-449B-B7F2-111DCBA28DB2} = {AC483812-3379-4E93-BE94-F7F8E32C60E4}
		{BC4E61CD-E0E0-435A-9129-466828888C67} = {15717C1A-155D-4B90-93CC-B6F6988A8094}
		{063A415D-2C82-4F0B-BE7C-BA1747CAEF4B} = {13E84B24-5237-4F4A-AEE3-5767A151FDB5}
	EndGlobalSection
	GlobalSection(ExtensibilityGlobals) = postSolution
		SolutionGuid = {C884A54F-7BD6-4032-B462-DEA7C50A6DF3}
	EndGlobalSection
EndGlobal
